
Microsoft Visual Studio Solution File, Format Version 12.00
# Visual Studio 15
VisualStudioVersion = 15.0.28010.2046
MinimumVisualStudioVersion = 10.0.40219.1
Project("{FAE04EC0-301F-11D3-BF4B-00C04F79EFBC}") = "VideoTutorials", "VideoTutorials\VideoTutorials.csproj", "{25C6AF84-F007-4A0B-B1A2-CD1951B26A3B}"
EndProject
Global
	GlobalSection(SolutionConfigurationPlatforms) = preSolution
		Debug|Any CPU = Debug|Any CPU
		Release|Any CPU = Release|Any CPU
	EndGlobalSection
	GlobalSection(ProjectConfigurationPlatforms) = postSolution
		{25C6AF84-F007-4A0B-B1A2-CD1951B26A3B}.Debug|Any CPU.ActiveCfg = Debug|Any CPU
		{25C6AF84-F007-4A0B-B1A2-CD1951B26A3B}.Debug|Any CPU.Build.0 = Debug|Any CPU
		{25C6AF84-F007-4A0B-B1A2-CD1951B26A3B}.Release|Any CPU.ActiveCfg = Release|Any CPU
		{25C6AF84-F007-4A0B-B1A2-CD1951B26A3B}.Release|Any CPU.Build.0 = Release|Any CPU
	EndGlobalSection
	GlobalSection(SolutionProperties) = preSolution
		HideSolutionNode = FALSE
	EndGlobalSection
	GlobalSection(ExtensibilityGlobals) = postSolution
		SolutionGuid = {88438AFD-E656-427B-9150-8023FC683845}
	EndGlobalSection
EndGlobal
